
Microsoft Visual Studio Solution File, Format Version 12.00
# Visual Studio Version 17
VisualStudioVersion = 17.0.31903.59
MinimumVisualStudioVersion = 10.0.40219.1
Project("{2150E333-8FDC-42A3-9474-1A3956D46DE8}") = "src", "src", "{827E0CD3-B72D-47B6-A68D-7590B98EB39B}"
EndProject
Project("{FAE04EC0-301F-11D3-BF4B-00C04F79EFBC}") = "UmiHealth.API", "src\UmiHealth.API\UmiHealth.API.csproj", "{3E186250-DF97-4744-8F17-349DE1D534AE}"
EndProject
Project("{FAE04EC0-301F-11D3-BF4B-00C04F79EFBC}") = "UmiHealth.Core", "src\UmiHealth.Core\UmiHealth.Core.csproj", "{77077342-0778-4B34-9935-5D7A4DEF9AD1}"
EndProject
Project("{FAE04EC0-301F-11D3-BF4B-00C04F79EFBC}") = "UmiHealth.Application", "src\UmiHealth.Application\UmiHealth.Application.csproj", "{752735DD-5760-4192-892F-EC5DD2A05D0E}"
EndProject
Project("{FAE04EC0-301F-11D3-BF4B-00C04F79EFBC}") = "UmiHealth.Infrastructure", "src\UmiHealth.Infrastructure\UmiHealth.Infrastructure.csproj", "{7DA50644-B191-4918-8085-BEF3FDCC86A0}"
EndProject
Project("{FAE04EC0-301F-11D3-BF4B-00C04F79EFBC}") = "UmiHealth.Shared", "src\UmiHealth.Shared\UmiHealth.Shared.csproj", "{47BA3AC2-AC4A-4797-8D0D-385A8809464C}"
EndProject
Project("{FAE04EC0-301F-11D3-BF4B-00C04F79EFBC}") = "UmiHealth.Persistence", "src\UmiHealth.Persistence\UmiHealth.Persistence.csproj", "{17E86190-78F6-49EC-847C-B66E41043568}"
EndProject
Project("{FAE04EC0-301F-11D3-BF4B-00C04F79EFBC}") = "UmiHealth.Identity", "src\UmiHealth.Identity\UmiHealth.Identity.csproj", "{6B210848-ACF5-409D-9316-6F7D6337497B}"
EndProject
Project("{FAE04EC0-301F-11D3-BF4B-00C04F79EFBC}") = "UmiHealth.Jobs", "src\UmiHealth.Jobs\UmiHealth.Jobs.csproj", "{C855FEFB-6556-440C-9C21-222AAD6E07A3}"
EndProject
Global
	GlobalSection(SolutionConfigurationPlatforms) = preSolution
		Debug|Any CPU = Debug|Any CPU
		Debug|x64 = Debug|x64
		Debug|x86 = Debug|x86
		Release|Any CPU = Release|Any CPU
		Release|x64 = Release|x64
		Release|x86 = Release|x86
	EndGlobalSection
	GlobalSection(ProjectConfigurationPlatforms) = postSolution
		{3E186250-DF97-4744-8F17-349DE1D534AE}.Debug|Any CPU.ActiveCfg = Debug|Any CPU
		{3E186250-DF97-4744-8F17-349DE1D534AE}.Debug|Any CPU.Build.0 = Debug|Any CPU
		{3E186250-DF97-4744-8F17-349DE1D534AE}.Debug|x64.ActiveCfg = Debug|Any CPU
		{3E186250-DF97-4744-8F17-349DE1D534AE}.Debug|x64.Build.0 = Debug|Any CPU
		{3E186250-DF97-4744-8F17-349DE1D534AE}.Debug|x86.ActiveCfg = Debug|Any CPU
		{3E186250-DF97-4744-8F17-349DE1D534AE}.Debug|x86.Build.0 = Debug|Any CPU
		{3E186250-DF97-4744-8F17-349DE1D534AE}.Release|Any CPU.ActiveCfg = Release|Any CPU
		{3E186250-DF97-4744-8F17-349DE1D534AE}.Release|Any CPU.Build.0 = Release|Any CPU
		{3E186250-DF97-4744-8F17-349DE1D534AE}.Release|x64.ActiveCfg = Release|Any CPU
		{3E186250-DF97-4744-8F17-349DE1D534AE}.Release|x64.Build.0 = Release|Any CPU
		{3E186250-DF97-4744-8F17-349DE1D534AE}.Release|x86.ActiveCfg = Release|Any CPU
		{3E186250-DF97-4744-8F17-349DE1D534AE}.Release|x86.Build.0 = Release|Any CPU
		{77077342-0778-4B34-9935-5D7A4DEF9AD1}.Debug|Any CPU.ActiveCfg = Debug|Any CPU
		{77077342-0778-4B34-9935-5D7A4DEF9AD1}.Debug|Any CPU.Build.0 = Debug|Any CPU
		{77077342-0778-4B34-9935-5D7A4DEF9AD1}.Debug|x64.ActiveCfg = Debug|Any CPU
		{77077342-0778-4B34-9935-5D7A4DEF9AD1}.Debug|x64.Build.0 = Debug|Any CPU
		{77077342-0778-4B34-9935-5D7A4DEF9AD1}.Debug|x86.ActiveCfg = Debug|Any CPU
		{77077342-0778-4B34-9935-5D7A4DEF9AD1}.Debug|x86.Build.0 = Debug|Any CPU
		{77077342-0778-4B34-9935-5D7A4DEF9AD1}.Release|Any CPU.ActiveCfg = Release|Any CPU
		{77077342-0778-4B34-9935-5D7A4DEF9AD1}.Release|Any CPU.Build.0 = Release|Any CPU
		{77077342-0778-4B34-9935-5D7A4DEF9AD1}.Release|x64.ActiveCfg = Release|Any CPU
		{77077342-0778-4B34-9935-5D7A4DEF9AD1}.Release|x64.Build.0 = Release|Any CPU
		{77077342-0778-4B34-9935-5D7A4DEF9AD1}.Release|x86.ActiveCfg = Release|Any CPU
		{77077342-0778-4B34-9935-5D7A4DEF9AD1}.Release|x86.Build.0 = Release|Any CPU
		{752735DD-5760-4192-892F-EC5DD2A05D0E}.Debug|Any CPU.ActiveCfg = Debug|Any CPU
		{752735DD-5760-4192-892F-EC5DD2A05D0E}.Debug|Any CPU.Build.0 = Debug|Any CPU
		{752735DD-5760-4192-892F-EC5DD2A05D0E}.Debug|x64.ActiveCfg = Debug|Any CPU
		{752735DD-5760-4192-892F-EC5DD2A05D0E}.Debug|x64.Build.0 = Debug|Any CPU
		{752735DD-5760-4192-892F-EC5DD2A05D0E}.Debug|x86.ActiveCfg = Debug|Any CPU
		{752735DD-5760-4192-892F-EC5DD2A05D0E}.Debug|x86.Build.0 = Debug|Any CPU
		{752735DD-5760-4192-892F-EC5DD2A05D0E}.Release|Any CPU.ActiveCfg = Release|Any CPU
		{752735DD-5760-4192-892F-EC5DD2A05D0E}.Release|Any CPU.Build.0 = Release|Any CPU
		{752735DD-5760-4192-892F-EC5DD2A05D0E}.Release|x64.ActiveCfg = Release|Any CPU
		{752735DD-5760-4192-892F-EC5DD2A05D0E}.Release|x64.Build.0 = Release|Any CPU
		{752735DD-5760-4192-892F-EC5DD2A05D0E}.Release|x86.ActiveCfg = Release|Any CPU
		{752735DD-5760-4192-892F-EC5DD2A05D0E}.Release|x86.Build.0 = Release|Any CPU
		{7DA50644-B191-4918-8085-BEF3FDCC86A0}.Debug|Any CPU.ActiveCfg = Debug|Any CPU
		{7DA50644-B191-4918-8085-BEF3FDCC86A0}.Debug|Any CPU.Build.0 = Debug|Any CPU
		{7DA50644-B191-4918-8085-BEF3FDCC86A0}.Debug|x64.ActiveCfg = Debug|Any CPU
		{7DA50644-B191-4918-8085-BEF3FDCC86A0}.Debug|x64.Build.0 = Debug|Any CPU
		{7DA50644-B191-4918-8085-BEF3FDCC86A0}.Debug|x86.ActiveCfg = Debug|Any CPU
		{7DA50644-B191-4918-8085-BEF3FDCC86A0}.Debug|x86.Build.0 = Debug|Any CPU
		{7DA50644-B191-4918-8085-BEF3FDCC86A0}.Release|Any CPU.ActiveCfg = Release|Any CPU
		{7DA50644-B191-4918-8085-BEF3FDCC86A0}.Release|Any CPU.Build.0 = Release|Any CPU
		{7DA50644-B191-4918-8085-BEF3FDCC86A0}.Release|x64.ActiveCfg = Release|Any CPU
		{7DA50644-B191-4918-8085-BEF3FDCC86A0}.Release|x64.Build.0 = Release|Any CPU
		{7DA50644-B191-4918-8085-BEF3FDCC86A0}.Release|x86.ActiveCfg = Release|Any CPU
		{7DA50644-B191-4918-8085-BEF3FDCC86A0}.Release|x86.Build.0 = Release|Any CPU
		{47BA3AC2-AC4A-4797-8D0D-385A8809464C}.Debug|Any CPU.ActiveCfg = Debug|Any CPU
		{47BA3AC2-AC4A-4797-8D0D-385A8809464C}.Debug|Any CPU.Build.0 = Debug|Any CPU
		{47BA3AC2-AC4A-4797-8D0D-385A8809464C}.Debug|x64.ActiveCfg = Debug|Any CPU
		{47BA3AC2-AC4A-4797-8D0D-385A8809464C}.Debug|x64.Build.0 = Debug|Any CPU
		{47BA3AC2-AC4A-4797-8D0D-385A8809464C}.Debug|x86.ActiveCfg = Debug|Any CPU
		{47BA3AC2-AC4A-4797-8D0D-385A8809464C}.Debug|x86.Build.0 = Debug|Any CPU
		{47BA3AC2-AC4A-4797-8D0D-385A8809464C}.Release|Any CPU.ActiveCfg = Release|Any CPU
		{47BA3AC2-AC4A-4797-8D0D-385A8809464C}.Release|Any CPU.Build.0 = Release|Any CPU
		{47BA3AC2-AC4A-4797-8D0D-385A8809464C}.Release|x64.ActiveCfg = Release|Any CPU
		{47BA3AC2-AC4A-4797-8D0D-385A8809464C}.Release|x64.Build.0 = Release|Any CPU
		{47BA3AC2-AC4A-4797-8D0D-385A8809464C}.Release|x86.ActiveCfg = Release|Any CPU
		{47BA3AC2-AC4A-4797-8D0D-385A8809464C}.Release|x86.Build.0 = Release|Any CPU
		{17E86190-78F6-49EC-847C-B66E41043568}.Debug|Any CPU.ActiveCfg = Debug|Any CPU
		{17E86190-78F6-49EC-847C-B66E41043568}.Debug|Any CPU.Build.0 = Debug|Any CPU
		{17E86190-78F6-49EC-847C-B66E41043568}.Debug|x64.ActiveCfg = Debug|Any CPU
		{17E86190-78F6-49EC-847C-B66E41043568}.Debug|x64.Build.0 = Debug|Any CPU
		{17E86190-78F6-49EC-847C-B66E41043568}.Debug|x86.ActiveCfg = Debug|Any CPU
		{17E86190-78F6-49EC-847C-B66E41043568}.Debug|x86.Build.0 = Debug|Any CPU
		{17E86190-78F6-49EC-847C-B66E41043568}.Release|Any CPU.ActiveCfg = Release|Any CPU
		{17E86190-78F6-49EC-847C-B66E41043568}.Release|Any CPU.Build.0 = Release|Any CPU
		{17E86190-78F6-49EC-847C-B66E41043568}.Release|x64.ActiveCfg = Release|Any CPU
		{17E86190-78F6-49EC-847C-B66E41043568}.Release|x64.Build.0 = Release|Any CPU
		{17E86190-78F6-49EC-847C-B66E41043568}.Release|x86.ActiveCfg = Release|Any CPU
		{17E86190-78F6-49EC-847C-B66E41043568}.Release|x86.Build.0 = Release|Any CPU
		{6B210848-ACF5-409D-9316-6F7D6337497B}.Debug|Any CPU.ActiveCfg = Debug|Any CPU
		{6B210848-ACF5-409D-9316-6F7D6337497B}.Debug|Any CPU.Build.0 = Debug|Any CPU
		{6B210848-ACF5-409D-9316-6F7D6337497B}.Debug|x64.ActiveCfg = Debug|Any CPU
		{6B210848-ACF5-409D-9316-6F7D6337497B}.Debug|x64.Build.0 = Debug|Any CPU
		{6B210848-ACF5-409D-9316-6F7D6337497B}.Debug|x86.ActiveCfg = Debug|Any CPU
		{6B210848-ACF5-409D-9316-6F7D6337497B}.Debug|x86.Build.0 = Debug|Any CPU
		{6B210848-ACF5-409D-9316-6F7D6337497B}.Release|Any CPU.ActiveCfg = Release|Any CPU
		{6B210848-ACF5-409D-9316-6F7D6337497B}.Release|Any CPU.Build.0 = Release|Any CPU
		{6B210848-ACF5-409D-9316-6F7D6337497B}.Release|x64.ActiveCfg = Release|Any CPU
		{6B210848-ACF5-409D-9316-6F7D6337497B}.Release|x64.Build.0 = Release|Any CPU
		{6B210848-ACF5-409D-9316-6F7D6337497B}.Release|x86.ActiveCfg = Release|Any CPU
		{6B210848-ACF5-409D-9316-6F7D6337497B}.Release|x86.Build.0 = Release|Any CPU
		{C855FEFB-6556-440C-9C21-222AAD6E07A3}.Debug|Any CPU.ActiveCfg = Debug|Any CPU
		{C855FEFB-6556-440C-9C21-222AAD6E07A3}.Debug|Any CPU.Build.0 = Debug|Any CPU
		{C855FEFB-6556-440C-9C21-222AAD6E07A3}.Debug|x64.ActiveCfg = Debug|Any CPU
		{C855FEFB-6556-440C-9C21-222AAD6E07A3}.Debug|x64.Build.0 = Debug|Any CPU
		{C855FEFB-6556-440C-9C21-222AAD6E07A3}.Debug|x86.ActiveCfg = Debug|Any CPU
		{C855FEFB-6556-440C-9C21-222AAD6E07A3}.Debug|x86.Build.0 = Debug|Any CPU
		{C855FEFB-6556-440C-9C21-222AAD6E07A3}.Release|Any CPU.ActiveCfg = Release|Any CPU
		{C855FEFB-6556-440C-9C21-222AAD6E07A3}.Release|Any CPU.Build.0 = Release|Any CPU
		{C855FEFB-6556-440C-9C21-222AAD6E07A3}.Release|x64.ActiveCfg = Release|Any CPU
		{C855FEFB-6556-440C-9C21-222AAD6E07A3}.Release|x64.Build.0 = Release|Any CPU
		{C855FEFB-6556-440C-9C21-222AAD6E07A3}.Release|x86.ActiveCfg = Release|Any CPU
		{C855FEFB-6556-440C-9C21-222AAD6E07A3}.Release|x86.Build.0 = Release|Any CPU
	EndGlobalSection
	GlobalSection(SolutionProperties) = preSolution
		HideSolutionNode = FALSE
	EndGlobalSection
	GlobalSection(NestedProjects) = preSolution
		{3E186250-DF97-4744-8F17-349DE1D534AE} = {827E0CD3-B72D-47B6-A68D-7590B98EB39B}
		{77077342-0778-4B34-9935-5D7A4DEF9AD1} = {827E0CD3-B72D-47B6-A68D-7590B98EB39B}
		{752735DD-5760-4192-892F-EC5DD2A05D0E} = {827E0CD3-B72D-47B6-A68D-7590B98EB39B}
		{7DA50644-B191-4918-8085-BEF3FDCC86A0} = {827E0CD3-B72D-47B6-A68D-7590B98EB39B}
		{47BA3AC2-AC4A-4797-8D0D-385A8809464C} = {827E0CD3-B72D-47B6-A68D-7590B98EB39B}
		{17E86190-78F6-49EC-847C-B66E41043568} = {827E0CD3-B72D-47B6-A68D-7590B98EB39B}
		{6B210848-ACF5-409D-9316-6F7D6337497B} = {827E0CD3-B72D-47B6-A68D-7590B98EB39B}
		{C855FEFB-6556-440C-9C21-222AAD6E07A3} = {827E0CD3-B72D-47B6-A68D-7590B98EB39B}
	EndGlobalSection
EndGlobal
