
Microsoft Visual Studio Solution File, Format Version 12.00
# Visual Studio Version 17
VisualStudioVersion = 17.0.31903.59
MinimumVisualStudioVersion = 10.0.40219.1
Project("{2150E333-8FDC-42A3-9474-1A3956D46DE8}") = "src", "src", "{827E0CD3-B72D-47B6-A68D-7590B98EB39B}"
EndProject
Project("{FAE04EC0-301F-11D3-BF4B-00C04F79EFBC}") = "UmiHealth.MinimalApi", "../UmiHealth.MinimalApi/UmiHealth.MinimalApi.csproj", "{E8E1FA0D-017F-4342-BB19-E1CB0A99DBD1}"
EndProject
Project("{FAE04EC0-301F-11D3-BF4B-00C04F79EFBC}") = "UmiHealth.Core", "src/UmiHealth.Core/UmiHealth.Core.csproj", "{C0B6CDBB-71B3-4E3F-A731-9B1E6694AB23}"
EndProject
Project("{FAE04EC0-301F-11D3-BF4B-00C04F79EFBC}") = "UmiHealth.Domain", "src/UmiHealth.Domain/UmiHealth.Domain.csproj", "{D1E2F3A4-5678-9ABC-DEF0-123456789ABC}"
EndProject
Project("{FAE04EC0-301F-11D3-BF4B-00C04F79EFBC}") = "UmiHealth.Application", "src/UmiHealth.Application/UmiHealth.Application.csproj", "{2F3F0420-6BB6-4E54-82D2-2101CE3A64B1}"
EndProject
Project("{FAE04EC0-301F-11D3-BF4B-00C04F79EFBC}") = "UmiHealth.Infrastructure", "src/UmiHealth.Infrastructure/UmiHealth.Infrastructure.csproj", "{A0A83ACB-B802-4599-96A0-07014FA04434}"
EndProject
Project("{FAE04EC0-301F-11D3-BF4B-00C04F79EFBC}") = "UmiHealth.Shared", "src/UmiHealth.Shared/UmiHealth.Shared.csproj", "{E72789FE-231D-42F0-BF7F-5069C3E29454}"
EndProject
Project("{FAE04EC0-301F-11D3-BF4B-00C04F79EFBC}") = "UmiHealth.Identity", "src/UmiHealth.Identity/UmiHealth.Identity.csproj", "{9CB359F5-CAA0-43CE-B9B8-88B04994600C}"
EndProject
Project("{FAE04EC0-301F-11D3-BF4B-00C04F79EFBC}") = "UmiHealth.Persistence", "src/UmiHealth.Persistence/UmiHealth.Persistence.csproj", "{D9EE9F04-F005-48F7-85BD-A6FD8B2C69E3}"
EndProject
Project("{FAE04EC0-301F-11D3-BF4B-00C04F79EFBC}") = "UmiHealth.Jobs", "src/UmiHealth.Jobs/UmiHealth.Jobs.csproj", "{2345E254-CB83-42C0-BB30-7549ED9F2FA9}"
EndProject
Global
	GlobalSection(SolutionConfigurationPlatforms) = preSolution
		Debug|Any CPU = Debug|Any CPU
		Debug|x64 = Debug|x64
		Debug|x86 = Debug|x86
		Release|Any CPU = Release|Any CPU
		Release|x64 = Release|x64
		Release|x86 = Release|x86
	EndGlobalSection
	GlobalSection(ProjectConfigurationPlatforms) = postSolution
		{E8E1FA0D-017F-4342-BB19-E1CB0A99DBD1}.Debug|Any CPU.ActiveCfg = Debug|Any CPU
		{E8E1FA0D-017F-4342-BB19-E1CB0A99DBD1}.Debug|Any CPU.Build.0 = Debug|Any CPU
		{E8E1FA0D-017F-4342-BB19-E1CB0A99DBD1}.Debug|x64.ActiveCfg = Debug|Any CPU
		{E8E1FA0D-017F-4342-BB19-E1CB0A99DBD1}.Debug|x64.Build.0 = Debug|Any CPU
		{E8E1FA0D-017F-4342-BB19-E1CB0A99DBD1}.Debug|x86.ActiveCfg = Debug|Any CPU
		{E8E1FA0D-017F-4342-BB19-E1CB0A99DBD1}.Debug|x86.Build.0 = Debug|Any CPU
		{E8E1FA0D-017F-4342-BB19-E1CB0A99DBD1}.Release|Any CPU.ActiveCfg = Release|Any CPU
		{E8E1FA0D-017F-4342-BB19-E1CB0A99DBD1}.Release|Any CPU.Build.0 = Release|Any CPU
		{E8E1FA0D-017F-4342-BB19-E1CB0A99DBD1}.Release|x64.ActiveCfg = Release|Any CPU
		{E8E1FA0D-017F-4342-BB19-E1CB0A99DBD1}.Release|x64.Build.0 = Release|Any CPU
		{E8E1FA0D-017F-4342-BB19-E1CB0A99DBD1}.Release|x86.ActiveCfg = Release|Any CPU
		{E8E1FA0D-017F-4342-BB19-E1CB0A99DBD1}.Release|x86.Build.0 = Release|Any CPU
		{C0B6CDBB-71B3-4E3F-A731-9B1E6694AB23}.Debug|Any CPU.ActiveCfg = Debug|Any CPU
		{C0B6CDBB-71B3-4E3F-A731-9B1E6694AB23}.Debug|Any CPU.Build.0 = Debug|Any CPU
		{C0B6CDBB-71B3-4E3F-A731-9B1E6694AB23}.Debug|x64.ActiveCfg = Debug|Any CPU
		{C0B6CDBB-71B3-4E3F-A731-9B1E6694AB23}.Debug|x64.Build.0 = Debug|Any CPU
		{C0B6CDBB-71B3-4E3F-A731-9B1E6694AB23}.Debug|x86.ActiveCfg = Debug|Any CPU
		{C0B6CDBB-71B3-4E3F-A731-9B1E6694AB23}.Debug|x86.Build.0 = Debug|Any CPU
		{C0B6CDBB-71B3-4E3F-A731-9B1E6694AB23}.Release|Any CPU.ActiveCfg = Release|Any CPU
		{C0B6CDBB-71B3-4E3F-A731-9B1E6694AB23}.Release|Any CPU.Build.0 = Release|Any CPU
		{C0B6CDBB-71B3-4E3F-A731-9B1E6694AB23}.Release|x64.ActiveCfg = Release|Any CPU
		{C0B6CDBB-71B3-4E3F-A731-9B1E6694AB23}.Release|x64.Build.0 = Release|Any CPU
		{C0B6CDBB-71B3-4E3F-A731-9B1E6694AB23}.Release|x86.ActiveCfg = Release|Any CPU
		{C0B6CDBB-71B3-4E3F-A731-9B1E6694AB23}.Release|x86.Build.0 = Release|x86
		{D1E2F3A4-5678-9ABC-DEF0-123456789ABC}.Debug|Any CPU.ActiveCfg = Debug|Any CPU
		{D1E2F3A4-5678-9ABC-DEF0-123456789ABC}.Debug|Any CPU.Build.0 = Debug|Any CPU
		{D1E2F3A4-5678-9ABC-DEF0-123456789ABC}.Debug|x64.ActiveCfg = Debug|Any CPU
		{D1E2F3A4-5678-9ABC-DEF0-123456789ABC}.Debug|x64.Build.0 = Debug|Any CPU
		{D1E2F3A4-5678-9ABC-DEF0-123456789ABC}.Debug|x86.ActiveCfg = Debug|Any CPU
		{D1E2F3A4-5678-9ABC-DEF0-123456789ABC}.Debug|x86.Build.0 = Debug|Any CPU
		{D1E2F3A4-5678-9ABC-DEF0-123456789ABC}.Release|Any CPU.ActiveCfg = Release|Any CPU
		{D1E2F3A4-5678-9ABC-DEF0-123456789ABC}.Release|Any CPU.Build.0 = Release|Any CPU
		{D1E2F3A4-5678-9ABC-DEF0-123456789ABC}.Release|x64.ActiveCfg = Release|Any CPU
		{D1E2F3A4-5678-9ABC-DEF0-123456789ABC}.Release|x64.Build.0 = Release|Any CPU
		{D1E2F3A4-5678-9ABC-DEF0-123456789ABC}.Release|x86.ActiveCfg = Release|Any CPU
		{D1E2F3A4-5678-9ABC-DEF0-123456789ABC}.Release|x86.Build.0 = Release|x86
		{2F3F0420-6BB6-4E54-82D2-2101CE3A64B1}.Debug|Any CPU.ActiveCfg = Debug|Any CPU
		{2F3F0420-6BB6-4E54-82D2-2101CE3A64B1}.Debug|Any CPU.Build.0 = Debug|Any CPU
		{2F3F0420-6BB6-4E54-82D2-2101CE3A64B1}.Debug|x64.ActiveCfg = Debug|Any CPU
		{2F3F0420-6BB6-4E54-82D2-2101CE3A64B1}.Debug|x64.Build.0 = Debug|Any CPU
		{2F3F0420-6BB6-4E54-82D2-2101CE3A64B1}.Debug|x86.ActiveCfg = Debug|Any CPU
		{2F3F0420-6BB6-4E54-82D2-2101CE3A64B1}.Debug|x86.Build.0 = Debug|Any CPU
		{2F3F0420-6BB6-4E54-82D2-2101CE3A64B1}.Release|Any CPU.ActiveCfg = Release|Any CPU
		{2F3F0420-6BB6-4E54-82D2-2101CE3A64B1}.Release|Any CPU.Build.0 = Release|Any CPU
		{2F3F0420-6BB6-4E54-82D2-2101CE3A64B1}.Release|x64.ActiveCfg = Release|Any CPU
		{2F3F0420-6BB6-4E54-82D2-2101CE3A64B1}.Release|x64.Build.0 = Release|Any CPU
		{2F3F0420-6BB6-4E54-82D2-2101CE3A64B1}.Release|x86.ActiveCfg = Release|Any CPU
		{2F3F0420-6BB6-4E54-82D2-2101CE3A64B1}.Release|x86.Build.0 = Release|Any CPU
		{A0A83ACB-B802-4599-96A0-07014FA04434}.Debug|Any CPU.ActiveCfg = Debug|Any CPU
		{A0A83ACB-B802-4599-96A0-07014FA04434}.Debug|Any CPU.Build.0 = Debug|Any CPU
		{A0A83ACB-B802-4599-96A0-07014FA04434}.Debug|x64.ActiveCfg = Debug|Any CPU
		{A0A83ACB-B802-4599-96A0-07014FA04434}.Debug|x64.Build.0 = Debug|Any CPU
		{A0A83ACB-B802-4599-96A0-07014FA04434}.Debug|x86.ActiveCfg = Debug|Any CPU
		{A0A83ACB-B802-4599-96A0-07014FA04434}.Debug|x86.Build.0 = Debug|Any CPU
		{A0A83ACB-B802-4599-96A0-07014FA04434}.Release|Any CPU.ActiveCfg = Release|Any CPU
		{A0A83ACB-B802-4599-96A0-07014FA04434}.Release|Any CPU.Build.0 = Release|Any CPU
		{A0A83ACB-B802-4599-96A0-07014FA04434}.Release|x64.ActiveCfg = Release|Any CPU
		{A0A83ACB-B802-4599-96A0-07014FA04434}.Release|x64.Build.0 = Release|Any CPU
		{A0A83ACB-B802-4599-96A0-07014FA04434}.Release|x86.ActiveCfg = Release|Any CPU
		{A0A83ACB-B802-4599-96A0-07014FA04434}.Release|x86.Build.0 = Release|Any CPU
		{E72789FE-231D-42F0-BF7F-5069C3E29454}.Debug|Any CPU.ActiveCfg = Debug|Any CPU
		{E72789FE-231D-42F0-BF7F-5069C3E29454}.Debug|Any CPU.Build.0 = Debug|Any CPU
		{E72789FE-231D-42F0-BF7F-5069C3E29454}.Debug|x64.ActiveCfg = Debug|Any CPU
		{E72789FE-231D-42F0-BF7F-5069C3E29454}.Debug|x64.Build.0 = Debug|Any CPU
		{E72789FE-231D-42F0-BF7F-5069C3E29454}.Debug|x86.ActiveCfg = Debug|Any CPU
		{E72789FE-231D-42F0-BF7F-5069C3E29454}.Debug|x86.Build.0 = Debug|Any CPU
		{E72789FE-231D-42F0-BF7F-5069C3E29454}.Release|Any CPU.ActiveCfg = Release|Any CPU
		{E72789FE-231D-42F0-BF7F-5069C3E29454}.Release|Any CPU.Build.0 = Release|Any CPU
		{E72789FE-231D-42F0-BF7F-5069C3E29454}.Release|x64.ActiveCfg = Release|Any CPU
		{E72789FE-231D-42F0-BF7F-5069C3E29454}.Release|x64.Build.0 = Release|Any CPU
		{E72789FE-231D-42F0-BF7F-5069C3E29454}.Release|x86.ActiveCfg = Release|Any CPU
		{E72789FE-231D-42F0-BF7F-5069C3E29454}.Release|x86.Build.0 = Release|Any CPU
		{9CB359F5-CAA0-43CE-B9B8-88B04994600C}.Debug|Any CPU.ActiveCfg = Debug|Any CPU
		{9CB359F5-CAA0-43CE-B9B8-88B04994600C}.Debug|Any CPU.Build.0 = Debug|Any CPU
		{9CB359F5-CAA0-43CE-B9B8-88B04994600C}.Debug|x64.ActiveCfg = Debug|Any CPU
		{9CB359F5-CAA0-43CE-B9B8-88B04994600C}.Debug|x64.Build.0 = Debug|Any CPU
		{9CB359F5-CAA0-43CE-B9B8-88B04994600C}.Debug|x86.ActiveCfg = Debug|Any CPU
		{9CB359F5-CAA0-43CE-B9B8-88B04994600C}.Debug|x86.Build.0 = Debug|Any CPU
		{9CB359F5-CAA0-43CE-B9B8-88B04994600C}.Release|Any CPU.ActiveCfg = Release|Any CPU
		{9CB359F5-CAA0-43CE-B9B8-88B04994600C}.Release|Any CPU.Build.0 = Release|Any CPU
		{9CB359F5-CAA0-43CE-B9B8-88B04994600C}.Release|x64.ActiveCfg = Release|Any CPU
		{9CB359F5-CAA0-43CE-B9B8-88B04994600C}.Release|x64.Build.0 = Release|Any CPU
		{9CB359F5-CAA0-43CE-B9B8-88B04994600C}.Release|x86.ActiveCfg = Release|Any CPU
		{9CB359F5-CAA0-43CE-B9B8-88B04994600C}.Release|x86.Build.0 = Release|Any CPU
		{D9EE9F04-F005-48F7-85BD-A6FD8B2C69E3}.Debug|Any CPU.ActiveCfg = Debug|Any CPU
		{D9EE9F04-F005-48F7-85BD-A6FD8B2C69E3}.Debug|Any CPU.Build.0 = Debug|Any CPU
		{D9EE9F04-F005-48F7-85BD-A6FD8B2C69E3}.Debug|x64.ActiveCfg = Debug|Any CPU
		{D9EE9F04-F005-48F7-85BD-A6FD8B2C69E3}.Debug|x64.Build.0 = Debug|Any CPU
		{D9EE9F04-F005-48F7-85BD-A6FD8B2C69E3}.Debug|x86.ActiveCfg = Debug|Any CPU
		{D9EE9F04-F005-48F7-85BD-A6FD8B2C69E3}.Debug|x86.Build.0 = Debug|Any CPU
		{D9EE9F04-F005-48F7-85BD-A6FD8B2C69E3}.Release|Any CPU.ActiveCfg = Release|Any CPU
		{D9EE9F04-F005-48F7-85BD-A6FD8B2C69E3}.Release|Any CPU.Build.0 = Release|Any CPU
		{D9EE9F04-F005-48F7-85BD-A6FD8B2C69E3}.Release|x64.ActiveCfg = Release|Any CPU
		{D9EE9F04-F005-48F7-85BD-A6FD8B2C69E3}.Release|x64.Build.0 = Release|Any CPU
		{D9EE9F04-F005-48F7-85BD-A6FD8B2C69E3}.Release|x86.ActiveCfg = Release|Any CPU
		{D9EE9F04-F005-48F7-85BD-A6FD8B2C69E3}.Release|x86.Build.0 = Release|Any CPU
		{2345E254-CB83-42C0-BB30-7549ED9F2FA9}.Debug|Any CPU.ActiveCfg = Debug|Any CPU
		{2345E254-CB83-42C0-BB30-7549ED9F2FA9}.Debug|Any CPU.Build.0 = Debug|Any CPU
		{2345E254-CB83-42C0-BB30-7549ED9F2FA9}.Debug|x64.ActiveCfg = Debug|Any CPU
		{2345E254-CB83-42C0-BB30-7549ED9F2FA9}.Debug|x64.Build.0 = Debug|Any CPU
		{2345E254-CB83-42C0-BB30-7549ED9F2FA9}.Debug|x86.ActiveCfg = Debug|Any CPU
		{2345E254-CB83-42C0-BB30-7549ED9F2FA9}.Debug|x86.Build.0 = Debug|Any CPU
		{2345E254-CB83-42C0-BB30-7549ED9F2FA9}.Release|Any CPU.ActiveCfg = Release|Any CPU
		{2345E254-CB83-42C0-BB30-7549ED9F2FA9}.Release|Any CPU.Build.0 = Release|Any CPU
		{2345E254-CB83-42C0-BB30-7549ED9F2FA9}.Release|x64.ActiveCfg = Release|Any CPU
		{2345E254-CB83-42C0-BB30-7549ED9F2FA9}.Release|x64.Build.0 = Release|Any CPU
		{2345E254-CB83-42C0-BB30-7549ED9F2FA9}.Release|x86.ActiveCfg = Release|Any CPU
		{2345E254-CB83-42C0-BB30-7549ED9F2FA9}.Release|x86.Build.0 = Release|Any CPU
	EndGlobalSection
	GlobalSection(SolutionProperties) = preSolution
		HideSolutionNode = FALSE
	EndGlobalSection
	GlobalSection(NestedProjects) = preSolution
		{C0B6CDBB-71B3-4E3F-A731-9B1E6694AB23} = {827E0CD3-B72D-47B6-A68D-7590B98EB39B}
		{D1E2F3A4-5678-9ABC-DEF0-123456789ABC} = {827E0CD3-B72D-47B6-A68D-7590B98EB39B}
		{2F3F0420-6BB6-4E54-82D2-2101CE3A64B1} = {827E0CD3-B72D-47B6-A68D-7590B98EB39B}
		{A0A83ACB-B802-4599-96A0-07014FA04434} = {827E0CD3-B72D-47B6-A68D-7590B98EB39B}
		{E72789FE-231D-42F0-BF7F-5069C3E29454} = {827E0CD3-B72D-47B6-A68D-7590B98EB39B}
		{9CB359F5-CAA0-43CE-B9B8-88B04994600C} = {827E0CD3-B72D-47B6-A68D-7590B98EB39B}
		{D9EE9F04-F005-48F7-85BD-A6FD8B2C69E3} = {827E0CD3-B72D-47B6-A68D-7590B98EB39B}
		{2345E254-CB83-42C0-BB30-7549ED9F2FA9} = {827E0CD3-B72D-47B6-A68D-7590B98EB39B}
	EndGlobalSection
EndGlobal
